
Microsoft Visual Studio Solution File, Format Version 12.00
# Visual Studio Version 16
VisualStudioVersion = 16.0.32228.343
MinimumVisualStudioVersion = 10.0.40219.1
Project("{FAE04EC0-301F-11D3-BF4B-00C04F79EFBC}") = "SimpleMovieApp", "SimpleMovieApp.csproj", "{ECB02849-1A0D-45A5-8FB1-4FE4DB3EF241}"
EndProject
Global
	GlobalSection(SolutionConfigurationPlatforms) = preSolution
		Debug|Any CPU = Debug|Any CPU
		Release|Any CPU = Release|Any CPU
	EndGlobalSection
	GlobalSection(ProjectConfigurationPlatforms) = postSolution
		{ECB02849-1A0D-45A5-8FB1-4FE4DB3EF241}.Debug|Any CPU.ActiveCfg = Debug|Any CPU
		{ECB02849-1A0D-45A5-8FB1-4FE4DB3EF241}.Debug|Any CPU.Build.0 = Debug|Any CPU
		{ECB02849-1A0D-45A5-8FB1-4FE4DB3EF241}.Release|Any CPU.ActiveCfg = Release|Any CPU
		{ECB02849-1A0D-45A5-8FB1-4FE4DB3EF241}.Release|Any CPU.Build.0 = Release|Any CPU
	EndGlobalSection
	GlobalSection(SolutionProperties) = preSolution
		HideSolutionNode = FALSE
	EndGlobalSection
	GlobalSection(ExtensibilityGlobals) = postSolution
		SolutionGuid = {FB1CE859-0B4E-4D45-8FB3-3FC10E9DD3FF}
	EndGlobalSection
EndGlobal
